
Microsoft Visual Studio Solution File, Format Version 12.00
# Visual Studio Version 17
VisualStudioVersion = 17.5.33627.172
MinimumVisualStudioVersion = 10.0.40219.1
Project("{FAE04EC0-301F-11D3-BF4B-00C04F79EFBC}") = "LicentaBun", "LicentaBun\LicentaBun.csproj", "{50725AAB-F77B-4E5B-B6CE-C04764980541}"
EndProject
Global
	GlobalSection(SolutionConfigurationPlatforms) = preSolution
		Debug|Any CPU = Debug|Any CPU
		Release|Any CPU = Release|Any CPU
	EndGlobalSection
	GlobalSection(ProjectConfigurationPlatforms) = postSolution
		{50725AAB-F77B-4E5B-B6CE-C04764980541}.Debug|Any CPU.ActiveCfg = Debug|Any CPU
		{50725AAB-F77B-4E5B-B6CE-C04764980541}.Debug|Any CPU.Build.0 = Debug|Any CPU
		{50725AAB-F77B-4E5B-B6CE-C04764980541}.Release|Any CPU.ActiveCfg = Release|Any CPU
		{50725AAB-F77B-4E5B-B6CE-C04764980541}.Release|Any CPU.Build.0 = Release|Any CPU
	EndGlobalSection
	GlobalSection(SolutionProperties) = preSolution
		HideSolutionNode = FALSE
	EndGlobalSection
	GlobalSection(ExtensibilityGlobals) = postSolution
		SolutionGuid = {328BBE34-716D-4365-81F1-71E3F78A4F3F}
	EndGlobalSection
EndGlobal
